
Microsoft Visual Studio Solution File, Format Version 12.00
# Visual Studio Version 17
VisualStudioVersion = 17.11.35327.3
MinimumVisualStudioVersion = 10.0.40219.1
Project("{FAE04EC0-301F-11D3-BF4B-00C04F79EFBC}") = "QuizAPI", "QuizAPI.csproj", "{1C93052A-E48C-4772-A47B-C167273D5F3D}"
EndProject
Project("{FAE04EC0-301F-11D3-BF4B-00C04F79EFBC}") = "ConsumingAPI", "..\ConsumingAPI\ConsumingAPI.csproj", "{1BC500BE-2809-44A5-818F-07587F5EEE5B}"
EndProject
Global
	GlobalSection(SolutionConfigurationPlatforms) = preSolution
		Debug|Any CPU = Debug|Any CPU
		Release|Any CPU = Release|Any CPU
	EndGlobalSection
	GlobalSection(ProjectConfigurationPlatforms) = postSolution
		{1C93052A-E48C-4772-A47B-C167273D5F3D}.Debug|Any CPU.ActiveCfg = Debug|Any CPU
		{1C93052A-E48C-4772-A47B-C167273D5F3D}.Debug|Any CPU.Build.0 = Debug|Any CPU
		{1C93052A-E48C-4772-A47B-C167273D5F3D}.Release|Any CPU.ActiveCfg = Release|Any CPU
		{1C93052A-E48C-4772-A47B-C167273D5F3D}.Release|Any CPU.Build.0 = Release|Any CPU
		{1BC500BE-2809-44A5-818F-07587F5EEE5B}.Debug|Any CPU.ActiveCfg = Debug|Any CPU
		{1BC500BE-2809-44A5-818F-07587F5EEE5B}.Debug|Any CPU.Build.0 = Debug|Any CPU
		{1BC500BE-2809-44A5-818F-07587F5EEE5B}.Release|Any CPU.ActiveCfg = Release|Any CPU
		{1BC500BE-2809-44A5-818F-07587F5EEE5B}.Release|Any CPU.Build.0 = Release|Any CPU
	EndGlobalSection
	GlobalSection(SolutionProperties) = preSolution
		HideSolutionNode = FALSE
	EndGlobalSection
	GlobalSection(ExtensibilityGlobals) = postSolution
		SolutionGuid = {27C313DB-376B-46B8-AA45-3772401A15F2}
	EndGlobalSection
EndGlobal
